{
    "_readme": [
        "This file locks the dependencies of your project to a known state",
        "Read more about it at https://getcomposer.org/doc/01-basic-usage.md#installing-dependencies",
        "This file is @generated automatically"
    ],
    "content-hash": "1d61f4ef32f68e4db068e49649efd50e",
    "packages": [
        {
            "name": "enshrined/svg-sanitize",
            "version": "0.22.0",
            "source": {
                "type": "git",
                "url": "https://github.com/darylldoyle/svg-sanitizer.git",
                "reference": "0afa95ea74be155a7bcd6c6fb60c276c39984500"
            },
            "dist": {
                "type": "zip",
                "url": "https://api.github.com/repos/darylldoyle/svg-sanitizer/zipball/0afa95ea74be155a7bcd6c6fb60c276c39984500",
                "reference": "0afa95ea74be155a7bcd6c6fb60c276c39984500",
                "shasum": ""
            },
            "require": {
                "ext-dom": "*",
                "ext-libxml": "*",
                "php": "^7.1 || ^8.0"
            },
            "require-dev": {
                "phpunit/phpunit": "^6.5 || ^8.5"
            },
            "type": "library",
            "autoload": {
                "psr-4": {
                    "enshrined\\svgSanitize\\": "src"
                }
            },
            "notification-url": "https://packagist.org/downloads/",
            "license": [
                "GPL-2.0-or-later"
            ],
            "authors": [
                {
                    "name": "Daryll Doyle",
                    "email": "daryll@enshrined.co.uk"
                }
            ],
            "description": "An SVG sanitizer for PHP",
            "support": {
                "issues": "https://github.com/darylldoyle/svg-sanitizer/issues",
                "source": "https://github.com/darylldoyle/svg-sanitizer/tree/0.22.0"
            },
            "time": "2025-08-12T10:13:48+00:00"
        },
        {
            "name": "hashids/hashids",
            "version": "5.0.2",
            "source": {
                "type": "git",
                "url": "https://github.com/vinkla/hashids.git",
                "reference": "197171016b77ddf14e259e186559152eb3f8cf33"
            },
            "dist": {
                "type": "zip",
                "url": "https://api.github.com/repos/vinkla/hashids/zipball/197171016b77ddf14e259e186559152eb3f8cf33",
                "reference": "197171016b77ddf14e259e186559152eb3f8cf33",
                "shasum": ""
            },
            "require": {
                "ext-mbstring": "*",
                "php": "^8.1"
            },
            "require-dev": {
                "phpunit/phpunit": "^10.0"
            },
            "suggest": {
                "ext-bcmath": "Required to use BC Math arbitrary precision mathematics (*).",
                "ext-gmp": "Required to use GNU multiple precision mathematics (*)."
            },
            "type": "library",
            "extra": {
                "branch-alias": {
                    "dev-master": "5.0-dev"
                }
            },
            "autoload": {
                "psr-4": {
                    "Hashids\\": "src/"
                }
            },
            "notification-url": "https://packagist.org/downloads/",
            "license": [
                "MIT"
            ],
            "authors": [
                {
                    "name": "Ivan Akimov",
                    "email": "ivan@barreleye.com"
                },
                {
                    "name": "Vincent Klaiber",
                    "email": "hello@doubledip.se"
                }
            ],
            "description": "Generate short, unique, non-sequential ids (like YouTube and Bitly) from numbers",
            "homepage": "https://hashids.org/php",
            "keywords": [
                "bitly",
                "decode",
                "encode",
                "hash",
                "hashid",
                "hashids",
                "ids",
                "obfuscate",
                "youtube"
            ],
            "support": {
                "issues": "https://github.com/vinkla/hashids/issues",
                "source": "https://github.com/vinkla/hashids/tree/5.0.2"
            },
            "time": "2023-02-23T15:00:54+00:00"
        },
        {
            "name": "jblond/php-diff",
            "version": "2.5.0",
            "source": {
                "type": "git",
                "url": "https://github.com/JBlond/php-diff.git",
                "reference": "6e70d715a429a3dec7a6e46988f259e2654e48ec"
            },
            "dist": {
                "type": "zip",
                "url": "https://api.github.com/repos/JBlond/php-diff/zipball/6e70d715a429a3dec7a6e46988f259e2654e48ec",
                "reference": "6e70d715a429a3dec7a6e46988f259e2654e48ec",
                "shasum": ""
            },
            "require": {
                "ext-mbstring": "*",
                "ext-pcre": "*",
                "php": ">=7.3",
                "symfony/polyfill-mbstring": "^1"
            },
            "require-dev": {
                "digilive/git-changelog": "^2",
                "jblond/php-cli": "^1.0",
                "phpmd/phpmd": "2.*",
                "phpunit/phpunit": "^8 || ^9 || ^10",
                "squizlabs/php_codesniffer": "*"
            },
            "suggest": {
                "ext-json": "*",
                "jblond/php-cli": "^1.0"
            },
            "type": "library",
            "autoload": {
                "psr-4": {
                    "jblond\\": "lib/jblond"
                }
            },
            "notification-url": "https://packagist.org/downloads/",
            "license": [
                "BSD-3-Clause"
            ],
            "authors": [
                {
                    "name": "Mario",
                    "email": "leet31337@web.de"
                },
                {
                    "name": "Ferry Cools",
                    "email": "info@digilive.nl"
                },
                {
                    "name": "Chris Boulton",
                    "email": "chris.boulton@interspire.com"
                }
            ],
            "description": "A comprehensive library for generating differences between two hashable objects (strings or arrays).",
            "keywords": [
                "diff",
                "php",
                "side-by-sidediff",
                "udiff",
                "unidiff",
                "unified",
                "unified diff"
            ],
            "support": {
                "issues": "https://github.com/JBlond/php-diff/issues",
                "source": "https://github.com/JBlond/php-diff/tree/2.5.0"
            },
            "time": "2025-10-06T17:54:01+00:00"
        },
        {
            "name": "phiki/phiki",
            "version": "v2.2.0",
            "source": {
                "type": "git",
                "url": "https://github.com/phikiphp/phiki.git",
                "reference": "24375dbc474dbc484de7d53c6bab0bb9e198f647"
            },
            "dist": {
                "type": "zip",
                "url": "https://api.github.com/repos/phikiphp/phiki/zipball/24375dbc474dbc484de7d53c6bab0bb9e198f647",
                "reference": "24375dbc474dbc484de7d53c6bab0bb9e198f647",
                "shasum": ""
            },
            "require": {
                "ext-mbstring": "*",
                "php": "^8.2",
                "psr/simple-cache": "^3.0"
            },
            "require-dev": {
                "illuminate/support": "^11.45",
                "laravel/pint": "^1.18.1",
                "league/commonmark": "^2.5.3",
                "orchestra/testbench": "^9.15",
                "pestphp/pest": "^3.5.1",
                "phpstan/extension-installer": "^1.4.3",
                "phpstan/phpstan": "^2.0",
                "symfony/var-dumper": "^7.1.6"
            },
            "suggest": {
                "league/commonmark": "Required to use the CommonMark adapter (^2.5.3)"
            },
            "type": "library",
            "extra": {
                "laravel": {
                    "providers": [
                        "Phiki\\Adapters\\Laravel\\PhikiServiceProvider"
                    ]
                }
            },
            "autoload": {
                "psr-4": {
                    "Phiki\\": "src/"
                }
            },
            "notification-url": "https://packagist.org/downloads/",
            "license": [
                "MIT"
            ],
            "authors": [
                {
                    "name": "Ryan Chandler",
                    "email": "support@ryangjchandler.co.uk",
                    "homepage": "https://ryangjchandler.co.uk",
                    "role": "Developer"
                }
            ],
            "description": "Syntax highlighting using TextMate grammars in PHP.",
            "support": {
                "issues": "https://github.com/phikiphp/phiki/issues",
                "source": "https://github.com/phikiphp/phiki/tree/v2.2.0"
            },
            "funding": [
                {
                    "url": "https://github.com/sponsors/ryangjchandler",
                    "type": "github"
                },
                {
                    "url": "https://buymeacoffee.com/ryangjchandler",
                    "type": "other"
                }
            ],
            "time": "2026-04-01T15:56:08+00:00"
        },
        {
            "name": "phpmailer/phpmailer",
            "version": "v7.1.1",
            "source": {
                "type": "git",
                "url": "https://github.com/PHPMailer/PHPMailer.git",
                "reference": "1bc1716a507a65e039d4ac9d9adebbbd0d346e15"
            },
            "dist": {
                "type": "zip",
                "url": "https://api.github.com/repos/PHPMailer/PHPMailer/zipball/1bc1716a507a65e039d4ac9d9adebbbd0d346e15",
                "reference": "1bc1716a507a65e039d4ac9d9adebbbd0d346e15",
                "shasum": ""
            },
            "require": {
                "ext-ctype": "*",
                "ext-filter": "*",
                "ext-hash": "*",
                "php": ">=5.5.0"
            },
            "require-dev": {
                "dealerdirect/phpcodesniffer-composer-installer": "^1.0",
                "doctrine/annotations": "^1.2.6 || ^1.13.3",
                "php-parallel-lint/php-console-highlighter": "^1.0.0",
                "php-parallel-lint/php-parallel-lint": "^1.3.2",
                "phpcompatibility/php-compatibility": "^10.0.0@dev",
                "squizlabs/php_codesniffer": "^3.13.5",
                "yoast/phpunit-polyfills": "^1.0.4"
            },
            "suggest": {
                "decomplexity/SendOauth2": "Adapter for using XOAUTH2 authentication",
                "directorytree/imapengine": "For uploading sent messages via IMAP, see gmail example",
                "ext-imap": "Needed to support advanced email address parsing according to RFC822",
                "ext-mbstring": "Needed to send email in multibyte encoding charset or decode encoded addresses",
                "ext-openssl": "Needed for secure SMTP sending and DKIM signing",
                "greew/oauth2-azure-provider": "Needed for Microsoft Azure XOAUTH2 authentication",
                "hayageek/oauth2-yahoo": "Needed for Yahoo XOAUTH2 authentication",
                "league/oauth2-google": "Needed for Google XOAUTH2 authentication",
                "psr/log": "For optional PSR-3 debug logging",
                "symfony/polyfill-mbstring": "To support UTF-8 if the Mbstring PHP extension is not enabled (^1.2)",
                "thenetworg/oauth2-azure": "Needed for Microsoft XOAUTH2 authentication"
            },
            "type": "library",
            "autoload": {
                "psr-4": {
                    "PHPMailer\\PHPMailer\\": "src/"
                }
            },
            "notification-url": "https://packagist.org/downloads/",
            "license": [
                "LGPL-2.1-only"
            ],
            "authors": [
                {
                    "name": "Marcus Bointon",
                    "email": "phpmailer@synchromedia.co.uk"
                },
                {
                    "name": "Jim Jagielski",
                    "email": "jimjag@gmail.com"
                },
                {
                    "name": "Andy Prevost",
                    "email": "codeworxtech@users.sourceforge.net"
                },
                {
                    "name": "Brent R. Matzelle"
                }
            ],
            "description": "PHPMailer is a full-featured email creation and transfer class for PHP",
            "support": {
                "issues": "https://github.com/PHPMailer/PHPMailer/issues",
                "source": "https://github.com/PHPMailer/PHPMailer/tree/v7.1.1"
            },
            "funding": [
                {
                    "url": "https://github.com/Synchro",
                    "type": "github"
                }
            ],
            "time": "2026-05-18T08:06:14+00:00"
        },
        {
            "name": "phpthumb/phpthumb",
            "version": "2.3.3",
            "source": {
                "type": "git",
                "url": "https://github.com/PHPThumb/PHPThumb.git",
                "reference": "975782e3adf29fa749ea0131092e2a19a3e11727"
            },
            "dist": {
                "type": "zip",
                "url": "https://api.github.com/repos/PHPThumb/PHPThumb/zipball/975782e3adf29fa749ea0131092e2a19a3e11727",
                "reference": "975782e3adf29fa749ea0131092e2a19a3e11727",
                "shasum": ""
            },
            "require": {
                "ext-gd": ">=2.3.2",
                "php": ">=8.2"
            },
            "require-dev": {
                "phpunit/phpunit": "^9.5"
            },
            "type": "library",
            "autoload": {
                "psr-0": {
                    "PHPThumb": "src",
                    "PHPThumb\\Tests": "tests"
                }
            },
            "notification-url": "https://packagist.org/downloads/",
            "license": [
                "MIT"
            ],
            "authors": [
                {
                    "name": "Ian Selby",
                    "email": "ianrselby@gmail.com"
                },
                {
                    "name": "Jarrod Nettles",
                    "email": "jarrod.nettles@icloud.com"
                }
            ],
            "description": "A library for manipulating images in PHP.",
            "homepage": "https://github.com/PHPThumb/PHPThumb",
            "keywords": [
                "image",
                "resize",
                "rotate"
            ],
            "support": {
                "issues": "https://github.com/PHPThumb/PHPThumb/issues",
                "source": "https://github.com/PHPThumb/PHPThumb/tree/2.3.3"
            },
            "time": "2025-11-15T09:08:55+00:00"
        },
        {
            "name": "psr/simple-cache",
            "version": "3.0.0",
            "source": {
                "type": "git",
                "url": "https://github.com/php-fig/simple-cache.git",
                "reference": "764e0b3939f5ca87cb904f570ef9be2d78a07865"
            },
            "dist": {
                "type": "zip",
                "url": "https://api.github.com/repos/php-fig/simple-cache/zipball/764e0b3939f5ca87cb904f570ef9be2d78a07865",
                "reference": "764e0b3939f5ca87cb904f570ef9be2d78a07865",
                "shasum": ""
            },
            "require": {
                "php": ">=8.0.0"
            },
            "type": "library",
            "extra": {
                "branch-alias": {
                    "dev-master": "3.0.x-dev"
                }
            },
            "autoload": {
                "psr-4": {
                    "Psr\\SimpleCache\\": "src/"
                }
            },
            "notification-url": "https://packagist.org/downloads/",
            "license": [
                "MIT"
            ],
            "authors": [
                {
                    "name": "PHP-FIG",
                    "homepage": "https://www.php-fig.org/"
                }
            ],
            "description": "Common interfaces for simple caching",
            "keywords": [
                "cache",
                "caching",
                "psr",
                "psr-16",
                "simple-cache"
            ],
            "support": {
                "source": "https://github.com/php-fig/simple-cache/tree/3.0.0"
            },
            "time": "2021-10-29T13:26:27+00:00"
        },
        {
            "name": "simplepie/simplepie",
            "version": "1.9.0",
            "source": {
                "type": "git",
                "url": "https://github.com/simplepie/simplepie.git",
                "reference": "76cccb1b2c5dcaf44f304c925ab30c0f48643992"
            },
            "dist": {
                "type": "zip",
                "url": "https://api.github.com/repos/simplepie/simplepie/zipball/76cccb1b2c5dcaf44f304c925ab30c0f48643992",
                "reference": "76cccb1b2c5dcaf44f304c925ab30c0f48643992",
                "shasum": ""
            },
            "require": {
                "ext-pcre": "*",
                "ext-xml": "*",
                "ext-xmlreader": "*",
                "php": ">=7.2.0"
            },
            "require-dev": {
                "donatj/mock-webserver": "^2.7",
                "friendsofphp/php-cs-fixer": "^2.19 || ^3.8",
                "mf2/mf2": "^0.5.0",
                "phpstan/phpstan": "~1.12.2",
                "phpunit/phpunit": "^8 || ^9 || ^10",
                "psr/http-client": "^1.0",
                "psr/http-factory": "^1.0",
                "psr/simple-cache": "^1 || ^2 || ^3"
            },
            "suggest": {
                "ext-curl": "",
                "ext-iconv": "",
                "ext-intl": "",
                "ext-mbstring": "",
                "mf2/mf2": "Microformat module that allows for parsing HTML for microformats"
            },
            "type": "library",
            "autoload": {
                "psr-0": {
                    "SimplePie": "library"
                },
                "psr-4": {
                    "SimplePie\\": "src"
                }
            },
            "notification-url": "https://packagist.org/downloads/",
            "license": [
                "BSD-3-Clause"
            ],
            "authors": [
                {
                    "name": "Ryan Parman",
                    "homepage": "http://ryanparman.com/",
                    "role": "Creator, alumnus developer"
                },
                {
                    "name": "Sam Sneddon",
                    "homepage": "https://gsnedders.com/",
                    "role": "Alumnus developer"
                },
                {
                    "name": "Ryan McCue",
                    "email": "me@ryanmccue.info",
                    "homepage": "http://ryanmccue.info/",
                    "role": "Developer"
                }
            ],
            "description": "A simple Atom/RSS parsing library for PHP",
            "homepage": "http://simplepie.org/",
            "keywords": [
                "atom",
                "feeds",
                "rss"
            ],
            "support": {
                "issues": "https://github.com/simplepie/simplepie/issues",
                "source": "https://github.com/simplepie/simplepie/tree/1.9.0"
            },
            "time": "2025-09-12T06:34:27+00:00"
        },
        {
            "name": "symfony/polyfill-mbstring",
            "version": "v1.37.0",
            "source": {
                "type": "git",
                "url": "https://github.com/symfony/polyfill-mbstring.git",
                "reference": "6a21eb99c6973357967f6ce3708cd55a6bec6315"
            },
            "dist": {
                "type": "zip",
                "url": "https://api.github.com/repos/symfony/polyfill-mbstring/zipball/6a21eb99c6973357967f6ce3708cd55a6bec6315",
                "reference": "6a21eb99c6973357967f6ce3708cd55a6bec6315",
                "shasum": ""
            },
            "require": {
                "ext-iconv": "*",
                "php": ">=7.2"
            },
            "provide": {
                "ext-mbstring": "*"
            },
            "suggest": {
                "ext-mbstring": "For best performance"
            },
            "type": "library",
            "extra": {
                "thanks": {
                    "url": "https://github.com/symfony/polyfill",
                    "name": "symfony/polyfill"
                }
            },
            "autoload": {
                "files": [
                    "bootstrap.php"
                ],
                "psr-4": {
                    "Symfony\\Polyfill\\Mbstring\\": ""
                }
            },
            "notification-url": "https://packagist.org/downloads/",
            "license": [
                "MIT"
            ],
            "authors": [
                {
                    "name": "Nicolas Grekas",
                    "email": "p@tchwork.com"
                },
                {
                    "name": "Symfony Community",
                    "homepage": "https://symfony.com/contributors"
                }
            ],
            "description": "Symfony polyfill for the Mbstring extension",
            "homepage": "https://symfony.com",
            "keywords": [
                "compatibility",
                "mbstring",
                "polyfill",
                "portable",
                "shim"
            ],
            "support": {
                "source": "https://github.com/symfony/polyfill-mbstring/tree/v1.37.0"
            },
            "funding": [
                {
                    "url": "https://symfony.com/sponsor",
                    "type": "custom"
                },
                {
                    "url": "https://github.com/fabpot",
                    "type": "github"
                },
                {
                    "url": "https://github.com/nicolas-grekas",
                    "type": "github"
                },
                {
                    "url": "https://tidelift.com/funding/github/packagist/symfony/symfony",
                    "type": "tidelift"
                }
            ],
            "time": "2026-04-10T17:25:58+00:00"
        }
    ],
    "packages-dev": [],
    "aliases": [],
    "minimum-stability": "stable",
    "stability-flags": {},
    "prefer-stable": true,
    "prefer-lowest": false,
    "platform": {
        "php": "8.0 - 8.5",
        "ext-bcmath": "*",
        "ext-ctype": "*",
        "ext-dom": "*",
        "ext-fileinfo": "*",
        "ext-gd": "*",
        "ext-iconv": "*",
        "ext-intl": "*",
        "ext-json": "*",
        "ext-mbstring": "*",
        "ext-mysqli": "*",
        "ext-openssl": "*",
        "ext-pcre": "*",
        "ext-pdo": "*",
        "ext-pdo_mysql": "*",
        "ext-spl": "*",
        "ext-sqlite3": "*",
        "ext-zlib": "*"
    },
    "platform-dev": {},
    "plugin-api-version": "2.9.0"
}
